// !$*UTF8*$!
{
	archiveVersion = 1;
	classes = {
	};
	objectVersion = 46;
	objects = {

/* Begin PBXBuildFile section */
		DCC0D2371A7003DC00600179 /* main.m in Sources */ = {isa = PBXBuildFile; fileRef = DCC0D2361A7003DC00600179 /* main.m */; };
		DCC0D23A1A7003DC00600179 /* AppDelegate.m in Sources */ = {isa = PBXBuildFile; fileRef = DCC0D2391A7003DC00600179 /* AppDelegate.m */; };
		DCC0D23D1A7003DC00600179 /* TODO.xcdatamodeld in Sources */ = {isa = PBXBuildFile; fileRef = DCC0D23B1A7003DC00600179 /* TODO.xcdatamodeld */; };
		DCC0D2401A7003DC00600179 /* ViewController.m in Sources */ = {isa = PBXBuildFile; fileRef = DCC0D23F1A7003DC00600179 /* ViewController.m */; };
		DCC0D2431A7003DC00600179 /* Main.storyboard in Resources */ = {isa = PBXBuildFile; fileRef = DCC0D2411A7003DC00600179 /* Main.storyboard */; };
		DCC0D2451A7003DC00600179 /* Images.xcassets in Resources */ = {isa = PBXBuildFile; fileRef = DCC0D2441A7003DC00600179 /* Images.xcassets */; };
		DCC0D2481A7003DC00600179 /* LaunchScreen.xib in Resources */ = {isa = PBXBuildFile; fileRef = DCC0D2461A7003DC00600179 /* LaunchScreen.xib */; };
		DCC0D2541A7003DD00600179 /* TODOTests.m in Sources */ = {isa = PBXBuildFile; fileRef = DCC0D2531A7003DD00600179 /* TODOTests.m */; };
		DCC0D25F1A7003FB00600179 /* LICENSE in Resources */ = {isa = PBXBuildFile; fileRef = DCC0D25D1A7003FB00600179 /* LICENSE */; };
		DCC0D2601A7003FB00600179 /* README.md in Sources */ = {isa = PBXBuildFile; fileRef = DCC0D25E1A7003FB00600179 /* README.md */; };
/* End PBXBuildFile section */

/* Begin PBXContainerItemProxy section */
		DCC0D24E1A7003DD00600179 /* PBXContainerItemProxy */ = {
			isa = PBXContainerItemProxy;
			containerPortal = DCC0D2291A7003DC00600179 /* Project object */;
			proxyType = 1;
			remoteGlobalIDString = DCC0D2301A7003DC00600179;
			remoteInfo = TODO;
		};
/* End PBXContainerItemProxy section */

/* Begin PBXFileReference section */
		DCC0D2311A7003DC00600179 /* TODO.app */ = {isa = PBXFileReference; explicitFileType = wrapper.application; includeInIndex = 0; path = TODO.app; sourceTree = BUILT_PRODUCTS_DIR; };
		DCC0D2351A7003DC00600179 /* Info.plist */ = {isa = PBXFileReference; lastKnownFileType = text.plist.xml; path = Info.plist; sourceTree = "<group>"; };
		DCC0D2361A7003DC00600179 /* main.m */ = {isa = PBXFileReference; lastKnownFileType = sourcecode.c.objc; path = main.m; sourceTree = "<group>"; };
		DCC0D2381A7003DC00600179 /* AppDelegate.h */ = {isa = PBXFileReference; lastKnownFileType = sourcecode.c.h; path = AppDelegate.h; sourceTree = "<group>"; };
		DCC0D2391A7003DC00600179 /* AppDelegate.m */ = {isa = PBXFileReference; lastKnownFileType = sourcecode.c.objc; path = AppDelegate.m; sourceTree = "<group>"; };
		DCC0D23C1A7003DC00600179 /* TODO.xcdatamodel */ = {isa = PBXFileReference; lastKnownFileType = wrapper.xcdatamodel; path = TODO.xcdatamodel; sourceTree = "<group>"; };
		DCC0D23E1A7003DC00600179 /* ViewController.h */ = {isa = PBXFileReference; lastKnownFileType = sourcecode.c.h; path = ViewController.h; sourceTree = "<group>"; };
		DCC0D23F1A7003DC00600179 /* ViewController.m */ = {isa = PBXFileReference; lastKnownFileType = sourcecode.c.objc; path = ViewController.m; sourceTree = "<group>"; };
		DCC0D2421A7003DC00600179 /* Base */ = {isa = PBXFileReference; lastKnownFileType = file.storyboard; name = Base; path = Base.lproj/Main.storyboard; sourceTree = "<group>"; };
		DCC0D2441A7003DC00600179 /* Images.xcassets */ = {isa = PBXFileReference; lastKnownFileType = folder.assetcatalog; path = Images.xcassets; sourceTree = "<group>"; };
		DCC0D2471A7003DC00600179 /* Base */ = {isa = PBXFileReference; lastKnownFileType = file.xib; name = Base; path = Base.lproj/LaunchScreen.xib; sourceTree = "<group>"; };
		DCC0D24D1A7003DD00600179 /* TODOTests.xctest */ = {isa = PBXFileReference; explicitFileType = wrapper.cfbundle; includeInIndex = 0; path = TODOTests.xctest; sourceTree = BUILT_PRODUCTS_DIR; };
		DCC0D2521A7003DD00600179 /* Info.plist */ = {isa = PBXFileReference; lastKnownFileType = text.plist.xml; path = Info.plist; sourceTree = "<group>"; };
		DCC0D2531A7003DD00600179 /* TODOTests.m */ = {isa = PBXFileReference; lastKnownFileType = sourcecode.c.objc; path = TODOTests.m; sourceTree = "<group>"; };
		DCC0D25D1A7003FB00600179 /* LICENSE */ = {isa = PBXFileReference; fileEncoding = 4; lastKnownFileType = text; name = LICENSE; path = ../LICENSE; sourceTree = "<group>"; };
		DCC0D25E1A7003FB00600179 /* README.md */ = {isa = PBXFileReference; fileEncoding = 4; lastKnownFileType = net.daringfireball.markdown; name = README.md; path = ../README.md; sourceTree = "<group>"; };
/* End PBXFileReference section */

/* Begin PBXFrameworksBuildPhase section */
		DCC0D22E1A7003DC00600179 /* Frameworks */ = {
			isa = PBXFrameworksBuildPhase;
			buildActionMask = 2147483647;
			files = (
			);
			runOnlyForDeploymentPostprocessing = 0;
		};
		DCC0D24A1A7003DD00600179 /* Frameworks */ = {
			isa = PBXFrameworksBuildPhase;
			buildActionMask = 2147483647;
			files = (
			);
			runOnlyForDeploymentPostprocessing = 0;
		};
/* End PBXFrameworksBuildPhase section */

/* Begin PBXGroup section */
		DCC0D2281A7003DC00600179 = {
			isa = PBXGroup;
			children = (
				DCC0D25D1A7003FB00600179 /* LICENSE */,
				DCC0D25E1A7003FB00600179 /* README.md */,
				DCC0D2331A7003DC00600179 /* TODO */,
				DCC0D2501A7003DD00600179 /* TODOTests */,
				DCC0D2321A7003DC00600179 /* Products */,
			);
			sourceTree = "<group>";
		};
		DCC0D2321A7003DC00600179 /* Products */ = {
			isa = PBXGroup;
			children = (
				DCC0D2311A7003DC00600179 /* TODO.app */,
				DCC0D24D1A7003DD00600179 /* TODOTests.xctest */,
			);
			name = Products;
			sourceTree = "<group>";
		};
		DCC0D2331A7003DC00600179 /* TODO */ = {
			isa = PBXGroup;
			children = (
				DCC0D2381A7003DC00600179 /* AppDelegate.h */,
				DCC0D2391A7003DC00600179 /* AppDelegate.m */,
				DCC0D23E1A7003DC00600179 /* ViewController.h */,
				DCC0D23F1A7003DC00600179 /* ViewController.m */,
				DCC0D2411A7003DC00600179 /* Main.storyboard */,
				DCC0D2441A7003DC00600179 /* Images.xcassets */,
				DCC0D2461A7003DC00600179 /* LaunchScreen.xib */,
				DCC0D23B1A7003DC00600179 /* TODO.xcdatamodeld */,
				DCC0D2341A7003DC00600179 /* Supporting Files */,
			);
			path = TODO;
			sourceTree = "<group>";
		};
		DCC0D2341A7003DC00600179 /* Supporting Files */ = {
			isa = PBXGroup;
			children = (
				DCC0D2351A7003DC00600179 /* Info.plist */,
				DCC0D2361A7003DC00600179 /* main.m */,
			);
			name = "Supporting Files";
			sourceTree = "<group>";
		};
		DCC0D2501A7003DD00600179 /* TODOTests */ = {
			isa = PBXGroup;
			children = (
				DCC0D2531A7003DD00600179 /* TODOTests.m */,
				DCC0D2511A7003DD00600179 /* Supporting Files */,
			);
			path = TODOTests;
			sourceTree = "<group>";
		};
		DCC0D2511A7003DD00600179 /* Supporting Files */ = {
			isa = PBXGroup;
			children = (
				DCC0D2521A7003DD00600179 /* Info.plist */,
			);
			name = "Supporting Files";
			sourceTree = "<group>";
		};
/* End PBXGroup section */

/* Begin PBXNativeTarget section */
		DCC0D2301A7003DC00600179 /* TODO */ = {
			isa = PBXNativeTarget;
			buildConfigurationList = DCC0D2571A7003DD00600179 /* Build configuration list for PBXNativeTarget "TODO" */;
			buildPhases = (
				DCC0D22D1A7003DC00600179 /* Sources */,
				DCC0D22E1A7003DC00600179 /* Frameworks */,
				DCC0D22F1A7003DC00600179 /* Resources */,
			);
			buildRules = (
			);
			dependencies = (
			);
			name = TODO;
			productName = TODO;
			productReference = DCC0D2311A7003DC00600179 /* TODO.app */;
			productType = "com.apple.product-type.application";
		};
		DCC0D24C1A7003DD00600179 /* TODOTests */ = {
			isa = PBXNativeTarget;
			buildConfigurationList = DCC0D25A1A7003DD00600179 /* Build configuration list for PBXNativeTarget "TODOTests" */;
			buildPhases = (
				DCC0D2491A7003DD00600179 /* Sources */,
				DCC0D24A1A7003DD00600179 /* Frameworks */,
				DCC0D24B1A7003DD00600179 /* Resources */,
			);
			buildRules = (
			);
			dependencies = (
				DCC0D24F1A7003DD00600179 /* PBXTargetDependency */,
			);
			name = TODOTests;
			productName = TODOTests;
			productReference = DCC0D24D1A7003DD00600179 /* TODOTests.xctest */;
			productType = "com.apple.product-type.bundle.unit-test";
		};
/* End PBXNativeTarget section */

/* Begin PBXProject section */
		DCC0D2291A7003DC00600179 /* Project object */ = {
			isa = PBXProject;
			attributes = {
				LastUpgradeCheck = 0610;
				ORGANIZATIONNAME = "Leiyou Who";
				TargetAttributes = {
					DCC0D2301A7003DC00600179 = {
						CreatedOnToolsVersion = 6.1.1;
					};
					DCC0D24C1A7003DD00600179 = {
						CreatedOnToolsVersion = 6.1.1;
						TestTargetID = DCC0D2301A7003DC00600179;
					};
				};
			};
			buildConfigurationList = DCC0D22C1A7003DC00600179 /* Build configuration list for PBXProject "TODO" */;
			compatibilityVersion = "Xcode 3.2";
			developmentRegion = English;
			hasScannedForEncodings = 0;
			knownRegions = (
				en,
				Base,
			);
			mainGroup = DCC0D2281A7003DC00600179;
			productRefGroup = DCC0D2321A7003DC00600179 /* Products */;
			projectDirPath = "";
			projectRoot = "";
			targets = (
				DCC0D2301A7003DC00600179 /* TODO */,
				DCC0D24C1A7003DD00600179 /* TODOTests */,
			);
		};
/* End PBXProject section */

/* Begin PBXResourcesBuildPhase section */
		DCC0D22F1A7003DC00600179 /* Resources */ = {
			isa = PBXResourcesBuildPhase;
			buildActionMask = 2147483647;
			files = (
				DCC0D2431A7003DC00600179 /* Main.storyboard in Resources */,
				DCC0D2481A7003DC00600179 /* LaunchScreen.xib in Resources */,
				DCC0D25F1A7003FB00600179 /* LICENSE in Resources */,
				DCC0D2451A7003DC00600179 /* Images.xcassets in Resources */,
			);
			runOnlyForDeploymentPostprocessing = 0;
		};
		DCC0D24B1A7003DD00600179 /* Resources */ = {
			isa = PBXResourcesBuildPhase;
			buildActionMask = 2147483647;
			files = (
			);
			runOnlyForDeploymentPostprocessing = 0;
		};
/* End PBXResourcesBuildPhase section */

/* Begin PBXSourcesBuildPhase section */
		DCC0D22D1A7003DC00600179 /* Sources */ = {
			isa = PBXSourcesBuildPhase;
			buildActionMask = 2147483647;
			files = (
				DCC0D23A1A7003DC00600179 /* AppDelegate.m in Sources */,
				DCC0D23D1A7003DC00600179 /* TODO.xcdatamodeld in Sources */,
				DCC0D2601A7003FB00600179 /* README.md in Sources */,
				DCC0D2401A7003DC00600179 /* ViewController.m in Sources */,
				DCC0D2371A7003DC00600179 /* main.m in Sources */,
			);
			runOnlyForDeploymentPostprocessing = 0;
		};
		DCC0D2491A7003DD00600179 /* Sources */ = {
			isa = PBXSourcesBuildPhase;
			buildActionMask = 2147483647;
			files = (
				DCC0D2541A7003DD00600179 /* TODOTests.m in Sources */,
			);
			runOnlyForDeploymentPostprocessing = 0;
		};
/* End PBXSourcesBuildPhase section */

/* Begin PBXTargetDependency section */
		DCC0D24F1A7003DD00600179 /* PBXTargetDependency */ = {
			isa = PBXTargetDependency;
			target = DCC0D2301A7003DC00600179 /* TODO */;
			targetProxy = DCC0D24E1A7003DD00600179 /* PBXContainerItemProxy */;
		};
/* End PBXTargetDependency section */

/* Begin PBXVariantGroup section */
		DCC0D2411A7003DC00600179 /* Main.storyboard */ = {
			isa = PBXVariantGroup;
			children = (
				DCC0D2421A7003DC00600179 /* Base */,
			);
			name = Main.storyboard;
			sourceTree = "<group>";
		};
		DCC0D2461A7003DC00600179 /* LaunchScreen.xib */ = {
			isa = PBXVariantGroup;
			children = (
				DCC0D2471A7003DC00600179 /* Base */,
			);
			name = LaunchScreen.xib;
			sourceTree = "<group>";
		};
/* End PBXVariantGroup section */

/* Begin XCBuildConfiguration section */
		DCC0D2551A7003DD00600179 /* Debug */ = {
			isa = XCBuildConfiguration;
			buildSettings = {
				ALWAYS_SEARCH_USER_PATHS = NO;
				CLANG_CXX_LANGUAGE_STANDARD = "gnu++0x";
				CLANG_CXX_LIBRARY = "libc++";
				CLANG_ENABLE_MODULES = YES;
				CLANG_ENABLE_OBJC_ARC = YES;
				CLANG_WARN_BOOL_CONVERSION = YES;
				CLANG_WARN_CONSTANT_CONVERSION = YES;
				CLANG_WARN_DIRECT_OBJC_ISA_USAGE = YES_ERROR;
				CLANG_WARN_EMPTY_BODY = YES;
				CLANG_WARN_ENUM_CONVERSION = YES;
				CLANG_WARN_INT_CONVERSION = YES;
				CLANG_WARN_OBJC_ROOT_CLASS = YES_ERROR;
				CLANG_WARN_UNREACHABLE_CODE = YES;
				CLANG_WARN__DUPLICATE_METHOD_MATCH = YES;
				"CODE_SIGN_IDENTITY[sdk=iphoneos*]" = "iPhone Developer";
				COPY_PHASE_STRIP = NO;
				ENABLE_STRICT_OBJC_MSGSEND = YES;
				GCC_C_LANGUAGE_STANDARD = gnu99;
				GCC_DYNAMIC_NO_PIC = NO;
				GCC_OPTIMIZATION_LEVEL = 0;
				GCC_PREPROCESSOR_DEFINITIONS = (
					"DEBUG=1",
					"$(inherited)",
				);
				GCC_SYMBOLS_PRIVATE_EXTERN = NO;
				GCC_WARN_64_TO_32_BIT_CONVERSION = YES;
				GCC_WARN_ABOUT_RETURN_TYPE = YES_ERROR;
				GCC_WARN_UNDECLARED_SELECTOR = YES;
				GCC_WARN_UNINITIALIZED_AUTOS = YES_AGGRESSIVE;
				GCC_WARN_UNUSED_FUNCTION = YES;
				GCC_WARN_UNUSED_VARIABLE = YES;
				IPHONEOS_DEPLOYMENT_TARGET = 8.1;
				MTL_ENABLE_DEBUG_INFO = YES;
				ONLY_ACTIVE_ARCH = YES;
				SDKROOT = iphoneos;
			};
			name = Debug;
		};
		DCC0D2561A7003DD00600179 /* Release */ = {
			isa = XCBuildConfiguration;
			buildSettings = {
				ALWAYS_SEARCH_USER_PATHS = NO;
				CLANG_CXX_LANGUAGE_STANDARD = "gnu++0x";
				CLANG_CXX_LIBRARY = "libc++";
				CLANG_ENABLE_MODULES = YES;
				CLANG_ENABLE_OBJC_ARC = YES;
				CLANG_WARN_BOOL_CONVERSION = YES;
				CLANG_WARN_CONSTANT_CONVERSION = YES;
				CLANG_WARN_DIRECT_OBJC_ISA_USAGE = YES_ERROR;
				CLANG_WARN_EMPTY_BODY = YES;
				CLANG_WARN_ENUM_CONVERSION = YES;
				CLANG_WARN_INT_CONVERSION = YES;
				CLANG_WARN_OBJC_ROOT_CLASS = YES_ERROR;
				CLANG_WARN_UNREACHABLE_CODE = YES;
				CLANG_WARN__DUPLICATE_METHOD_MATCH = YES;
				"CODE_SIGN_IDENTITY[sdk=iphoneos*]" = "iPhone Developer";
				COPY_PHASE_STRIP = YES;
				ENABLE_NS_ASSERTIONS = NO;
				ENABLE_STRICT_OBJC_MSGSEND = YES;
				GCC_C_LANGUAGE_STANDARD = gnu99;
				GCC_WARN_64_TO_32_BIT_CONVERSION = YES;
				GCC_WARN_ABOUT_RETURN_TYPE = YES_ERROR;
				GCC_WARN_UNDECLARED_SELECTOR = YES;
				GCC_WARN_UNINITIALIZED_AUTOS = YES_AGGRESSIVE;
				GCC_WARN_UNUSED_FUNCTION = YES;
				GCC_WARN_UNUSED_VARIABLE = YES;
				IPHONEOS_DEPLOYMENT_TARGET = 8.1;
				MTL_ENABLE_DEBUG_INFO = NO;
				SDKROOT = iphoneos;
				VALIDATE_PRODUCT = YES;
			};
			name = Release;
		};
		DCC0D2581A7003DD00600179 /* Debug */ = {
			isa = XCBuildConfiguration;
			buildSettings = {
				ASSETCATALOG_COMPILER_APPICON_NAME = AppIcon;
				INFOPLIST_FILE = TODO/Info.plist;
				LD_RUNPATH_SEARCH_PATHS = "$(inherited) @executable_path/Frameworks";
				PRODUCT_NAME = "$(TARGET_NAME)";
			};
			name = Debug;
		};
		DCC0D2591A7003DD00600179 /* Release */ = {
			isa = XCBuildConfiguration;
			buildSettings = {
				ASSETCATALOG_COMPILER_APPICON_NAME = AppIcon;
				INFOPLIST_FILE = TODO/Info.plist;
				LD_RUNPATH_SEARCH_PATHS = "$(inherited) @executable_path/Frameworks";
				PRODUCT_NAME = "$(TARGET_NAME)";
			};
			name = Release;
		};
		DCC0D25B1A7003DD00600179 /* Debug */ = {
			isa = XCBuildConfiguration;
			buildSettings = {
				BUNDLE_LOADER = "$(TEST_HOST)";
				FRAMEWORK_SEARCH_PATHS = (
					"$(SDKROOT)/Developer/Library/Frameworks",
					"$(inherited)",
				);
				GCC_PREPROCESSOR_DEFINITIONS = (
					"DEBUG=1",
					"$(inherited)",
				);
				INFOPLIST_FILE = TODOTests/Info.plist;
				LD_RUNPATH_SEARCH_PATHS = "$(inherited) @executable_path/Frameworks @loader_path/Frameworks";
				PRODUCT_NAME = "$(TARGET_NAME)";
				TEST_HOST = "$(BUILT_PRODUCTS_DIR)/TODO.app/TODO";
			};
			name = Debug;
		};
		DCC0D25C1A7003DD00600179 /* Release */ = {
			isa = XCBuildConfiguration;
			buildSettings = {
				BUNDLE_LOADER = "$(TEST_HOST)";
				FRAMEWORK_SEARCH_PATHS = (
					"$(SDKROOT)/Developer/Library/Frameworks",
					"$(inherited)",
				);
				INFOPLIST_FILE = TODOTests/Info.plist;
				LD_RUNPATH_SEARCH_PATHS = "$(inherited) @executable_path/Frameworks @loader_path/Frameworks";
				PRODUCT_NAME = "$(TARGET_NAME)";
				TEST_HOST = "$(BUILT_PRODUCTS_DIR)/TODO.app/TODO";
			};
			name = Release;
		};
/* End XCBuildConfiguration section */

/* Begin XCConfigurationList section */
		DCC0D22C1A7003DC00600179 /* Build configuration list for PBXProject "TODO" */ = {
			isa = XCConfigurationList;
			buildConfigurations = (
				DCC0D2551A7003DD00600179 /* Debug */,
				DCC0D2561A7003DD00600179 /* Release */,
			);
			defaultConfigurationIsVisible = 0;
			defaultConfigurationName = Release;
		};
		DCC0D2571A7003DD00600179 /* Build configuration list for PBXNativeTarget "TODO" */ = {
			isa = XCConfigurationList;
			buildConfigurations = (
				DCC0D2581A7003DD00600179 /* Debug */,
				DCC0D2591A7003DD00600179 /* Release */,
			);
			defaultConfigurationIsVisible = 0;
		};
		DCC0D25A1A7003DD00600179 /* Build configuration list for PBXNativeTarget "TODOTests" */ = {
			isa = XCConfigurationList;
			buildConfigurations = (
				DCC0D25B1A7003DD00600179 /* Debug */,
				DCC0D25C1A7003DD00600179 /* Release */,
			);
			defaultConfigurationIsVisible = 0;
		};
/* End XCConfigurationList section */

/* Begin XCVersionGroup section */
		DCC0D23B1A7003DC00600179 /* TODO.xcdatamodeld */ = {
			isa = XCVersionGroup;
			children = (
				DCC0D23C1A7003DC00600179 /* TODO.xcdatamodel */,
			);
			currentVersion = DCC0D23C1A7003DC00600179 /* TODO.xcdatamodel */;
			path = TODO.xcdatamodeld;
			sourceTree = "<group>";
			versionGroupType = wrapper.xcdatamodel;
		};
/* End XCVersionGroup section */
	};
	rootObject = DCC0D2291A7003DC00600179 /* Project object */;
}
